
Microsoft Visual Studio Solution File, Format Version 12.00
# Visual Studio 15
VisualStudioVersion = 15.0.28010.2041
MinimumVisualStudioVersion = 10.0.40219.1
Project("{9A19103F-16F7-4668-BE54-9A1E7A4F7556}") = "Cookware", "Cookware\Cookware.csproj", "{BB0E74AB-BF74-41AA-B907-E5A471EFC4F5}"
EndProject
Project("{FAE04EC0-301F-11D3-BF4B-00C04F79EFBC}") = "XUnitTestProject1", "XUnitTestProject1\XUnitTestProject1.csproj", "{51B57065-A28A-425A-9A02-3D666835ACC6}"
EndProject
Global
	GlobalSection(SolutionConfigurationPlatforms) = preSolution
		Debug|Any CPU = Debug|Any CPU
		Release|Any CPU = Release|Any CPU
	EndGlobalSection
	GlobalSection(ProjectConfigurationPlatforms) = postSolution
		{BB0E74AB-BF74-41AA-B907-E5A471EFC4F5}.Debug|Any CPU.ActiveCfg = Debug|Any CPU
		{BB0E74AB-BF74-41AA-B907-E5A471EFC4F5}.Debug|Any CPU.Build.0 = Debug|Any CPU
		{BB0E74AB-BF74-41AA-B907-E5A471EFC4F5}.Release|Any CPU.ActiveCfg = Release|Any CPU
		{BB0E74AB-BF74-41AA-B907-E5A471EFC4F5}.Release|Any CPU.Build.0 = Release|Any CPU
		{51B57065-A28A-425A-9A02-3D666835ACC6}.Debug|Any CPU.ActiveCfg = Debug|Any CPU
		{51B57065-A28A-425A-9A02-3D666835ACC6}.Debug|Any CPU.Build.0 = Debug|Any CPU
		{51B57065-A28A-425A-9A02-3D666835ACC6}.Release|Any CPU.ActiveCfg = Release|Any CPU
		{51B57065-A28A-425A-9A02-3D666835ACC6}.Release|Any CPU.Build.0 = Release|Any CPU
	EndGlobalSection
	GlobalSection(SolutionProperties) = preSolution
		HideSolutionNode = FALSE
	EndGlobalSection
	GlobalSection(ExtensibilityGlobals) = postSolution
		SolutionGuid = {392C7F66-FBE7-4031-9CD5-E7BA93FB77D7}
	EndGlobalSection
EndGlobal
